
Microsoft Visual Studio Solution File, Format Version 12.00
# Visual Studio 2012
Project("{FAE04EC0-301F-11D3-BF4B-00C04F79EFBC}") = "TesteDeLogin", "TesteDeLogin.csproj", "{9A7EB8D3-CEC4-4AF0-BFDB-B2B0904C9B17}"
EndProject
Project("{FAE04EC0-301F-11D3-BF4B-00C04F79EFBC}") = "TesteDeLogin.iOS", "iOS\TesteDeLogin.iOS.csproj", "{13EC4A61-E8D3-4BE0-9C26-8E51D8AEEAA2}"
EndProject
Global
	GlobalSection(SolutionConfigurationPlatforms) = preSolution
		Debug|Any CPU = Debug|Any CPU
		Release|Any CPU = Release|Any CPU
		Debug|iPhoneSimulator = Debug|iPhoneSimulator
		Release|iPhoneSimulator = Release|iPhoneSimulator
		Debug|iPhone = Debug|iPhone
		Release|iPhone = Release|iPhone
		Ad-Hoc|iPhone = Ad-Hoc|iPhone
		AppStore|iPhone = AppStore|iPhone
	EndGlobalSection
	GlobalSection(ProjectConfigurationPlatforms) = postSolution
		{13EC4A61-E8D3-4BE0-9C26-8E51D8AEEAA2}.Ad-Hoc|iPhone.ActiveCfg = Ad-Hoc|iPhone
		{13EC4A61-E8D3-4BE0-9C26-8E51D8AEEAA2}.Ad-Hoc|iPhone.Build.0 = Ad-Hoc|iPhone
		{13EC4A61-E8D3-4BE0-9C26-8E51D8AEEAA2}.AppStore|iPhone.ActiveCfg = AppStore|iPhone
		{13EC4A61-E8D3-4BE0-9C26-8E51D8AEEAA2}.AppStore|iPhone.Build.0 = AppStore|iPhone
		{13EC4A61-E8D3-4BE0-9C26-8E51D8AEEAA2}.Debug|Any CPU.ActiveCfg = Debug|iPhoneSimulator
		{13EC4A61-E8D3-4BE0-9C26-8E51D8AEEAA2}.Debug|Any CPU.Build.0 = Debug|iPhoneSimulator
		{13EC4A61-E8D3-4BE0-9C26-8E51D8AEEAA2}.Debug|iPhone.ActiveCfg = Debug|iPhone
		{13EC4A61-E8D3-4BE0-9C26-8E51D8AEEAA2}.Debug|iPhone.Build.0 = Debug|iPhone
		{13EC4A61-E8D3-4BE0-9C26-8E51D8AEEAA2}.Debug|iPhoneSimulator.ActiveCfg = Debug|iPhoneSimulator
		{13EC4A61-E8D3-4BE0-9C26-8E51D8AEEAA2}.Debug|iPhoneSimulator.Build.0 = Debug|iPhoneSimulator
		{13EC4A61-E8D3-4BE0-9C26-8E51D8AEEAA2}.Release|Any CPU.ActiveCfg = Release|iPhoneSimulator
		{13EC4A61-E8D3-4BE0-9C26-8E51D8AEEAA2}.Release|Any CPU.Build.0 = Release|iPhoneSimulator
		{13EC4A61-E8D3-4BE0-9C26-8E51D8AEEAA2}.Release|iPhone.ActiveCfg = Release|iPhone
		{13EC4A61-E8D3-4BE0-9C26-8E51D8AEEAA2}.Release|iPhone.Build.0 = Release|iPhone
		{13EC4A61-E8D3-4BE0-9C26-8E51D8AEEAA2}.Release|iPhoneSimulator.ActiveCfg = Release|iPhoneSimulator
		{13EC4A61-E8D3-4BE0-9C26-8E51D8AEEAA2}.Release|iPhoneSimulator.Build.0 = Release|iPhoneSimulator
		{9A7EB8D3-CEC4-4AF0-BFDB-B2B0904C9B17}.Ad-Hoc|iPhone.ActiveCfg = Debug|Any CPU
		{9A7EB8D3-CEC4-4AF0-BFDB-B2B0904C9B17}.Ad-Hoc|iPhone.Build.0 = Debug|Any CPU
		{9A7EB8D3-CEC4-4AF0-BFDB-B2B0904C9B17}.AppStore|iPhone.ActiveCfg = Debug|Any CPU
		{9A7EB8D3-CEC4-4AF0-BFDB-B2B0904C9B17}.AppStore|iPhone.Build.0 = Debug|Any CPU
		{9A7EB8D3-CEC4-4AF0-BFDB-B2B0904C9B17}.Debug|Any CPU.ActiveCfg = Debug|Any CPU
		{9A7EB8D3-CEC4-4AF0-BFDB-B2B0904C9B17}.Debug|Any CPU.Build.0 = Debug|Any CPU
		{9A7EB8D3-CEC4-4AF0-BFDB-B2B0904C9B17}.Debug|iPhone.ActiveCfg = Debug|Any CPU
		{9A7EB8D3-CEC4-4AF0-BFDB-B2B0904C9B17}.Debug|iPhone.Build.0 = Debug|Any CPU
		{9A7EB8D3-CEC4-4AF0-BFDB-B2B0904C9B17}.Debug|iPhoneSimulator.ActiveCfg = Debug|Any CPU
		{9A7EB8D3-CEC4-4AF0-BFDB-B2B0904C9B17}.Debug|iPhoneSimulator.Build.0 = Debug|Any CPU
		{9A7EB8D3-CEC4-4AF0-BFDB-B2B0904C9B17}.Release|Any CPU.ActiveCfg = Release|Any CPU
		{9A7EB8D3-CEC4-4AF0-BFDB-B2B0904C9B17}.Release|Any CPU.Build.0 = Release|Any CPU
		{9A7EB8D3-CEC4-4AF0-BFDB-B2B0904C9B17}.Release|iPhone.ActiveCfg = Release|Any CPU
		{9A7EB8D3-CEC4-4AF0-BFDB-B2B0904C9B17}.Release|iPhone.Build.0 = Release|Any CPU
		{9A7EB8D3-CEC4-4AF0-BFDB-B2B0904C9B17}.Release|iPhoneSimulator.ActiveCfg = Release|Any CPU
		{9A7EB8D3-CEC4-4AF0-BFDB-B2B0904C9B17}.Release|iPhoneSimulator.Build.0 = Release|Any CPU
	EndGlobalSection
EndGlobal
